
Microsoft Visual Studio Solution File, Format Version 12.00
# Visual Studio Version 17
VisualStudioVersion = 17.7.34003.232
MinimumVisualStudioVersion = 10.0.40219.1
Project("{FAE04EC0-301F-11D3-BF4B-00C04F79EFBC}") = "AzureServiceBus.Sample.PublisherApi", "AzureServiceBus.Sample.PublisherApi\AzureServiceBus.Sample.PublisherApi.csproj", "{F7EB4F26-11E2-4D5C-B8C8-8C4ABCE49511}"
EndProject
Project("{FAE04EC0-301F-11D3-BF4B-00C04F79EFBC}") = "AzureServiceBus.Sample.ConsumerApi", "AzureServiceBus.Sample.ConsumerApi\AzureServiceBus.Sample.ConsumerApi.csproj", "{7A2DC84C-375E-46CD-91C5-E975A680FD2E}"
EndProject
Project("{FAE04EC0-301F-11D3-BF4B-00C04F79EFBC}") = "AzureServiceBus.Sample.Shared", "AzureServiceBus.Sample.Shared\AzureServiceBus.Sample.Shared.csproj", "{EFF2A536-FA22-45BD-AD0B-8E749BBE9276}"
EndProject
Global
	GlobalSection(SolutionConfigurationPlatforms) = preSolution
		Debug|Any CPU = Debug|Any CPU
		Release|Any CPU = Release|Any CPU
	EndGlobalSection
	GlobalSection(ProjectConfigurationPlatforms) = postSolution
		{F7EB4F26-11E2-4D5C-B8C8-8C4ABCE49511}.Debug|Any CPU.ActiveCfg = Debug|Any CPU
		{F7EB4F26-11E2-4D5C-B8C8-8C4ABCE49511}.Debug|Any CPU.Build.0 = Debug|Any CPU
		{F7EB4F26-11E2-4D5C-B8C8-8C4ABCE49511}.Release|Any CPU.ActiveCfg = Release|Any CPU
		{F7EB4F26-11E2-4D5C-B8C8-8C4ABCE49511}.Release|Any CPU.Build.0 = Release|Any CPU
		{7A2DC84C-375E-46CD-91C5-E975A680FD2E}.Debug|Any CPU.ActiveCfg = Debug|Any CPU
		{7A2DC84C-375E-46CD-91C5-E975A680FD2E}.Debug|Any CPU.Build.0 = Debug|Any CPU
		{7A2DC84C-375E-46CD-91C5-E975A680FD2E}.Release|Any CPU.ActiveCfg = Release|Any CPU
		{7A2DC84C-375E-46CD-91C5-E975A680FD2E}.Release|Any CPU.Build.0 = Release|Any CPU
		{EFF2A536-FA22-45BD-AD0B-8E749BBE9276}.Debug|Any CPU.ActiveCfg = Debug|Any CPU
		{EFF2A536-FA22-45BD-AD0B-8E749BBE9276}.Debug|Any CPU.Build.0 = Debug|Any CPU
		{EFF2A536-FA22-45BD-AD0B-8E749BBE9276}.Release|Any CPU.ActiveCfg = Release|Any CPU
		{EFF2A536-FA22-45BD-AD0B-8E749BBE9276}.Release|Any CPU.Build.0 = Release|Any CPU
	EndGlobalSection
	GlobalSection(SolutionProperties) = preSolution
		HideSolutionNode = FALSE
	EndGlobalSection
	GlobalSection(ExtensibilityGlobals) = postSolution
		SolutionGuid = {3CFFE4C9-96E3-4324-8DFF-D42FF4A720BC}
	EndGlobalSection
EndGlobal
